
Microsoft Visual Studio Solution File, Format Version 12.00
# Visual Studio Version 17
VisualStudioVersion = 17.5.33627.172
MinimumVisualStudioVersion = 10.0.40219.1
Project("{9A19103F-16F7-4668-BE54-9A1E7A4F7556}") = "Lesson67Tests", "Lesson67Tests.csproj", "{CF0052CC-0D8D-4001-9491-F2202FBD2EF7}"
EndProject
Project("{FAE04EC0-301F-11D3-BF4B-00C04F79EFBC}") = "Lesson67Tests.Tests", "..\Lesson67Tests.Tests\Lesson67Tests.Tests.csproj", "{B3D588EF-2A1A-4287-A510-49ADE77D18B3}"
EndProject
Global
	GlobalSection(SolutionConfigurationPlatforms) = preSolution
		Debug|Any CPU = Debug|Any CPU
		Release|Any CPU = Release|Any CPU
	EndGlobalSection
	GlobalSection(ProjectConfigurationPlatforms) = postSolution
		{CF0052CC-0D8D-4001-9491-F2202FBD2EF7}.Debug|Any CPU.ActiveCfg = Debug|Any CPU
		{CF0052CC-0D8D-4001-9491-F2202FBD2EF7}.Debug|Any CPU.Build.0 = Debug|Any CPU
		{CF0052CC-0D8D-4001-9491-F2202FBD2EF7}.Release|Any CPU.ActiveCfg = Release|Any CPU
		{CF0052CC-0D8D-4001-9491-F2202FBD2EF7}.Release|Any CPU.Build.0 = Release|Any CPU
		{B3D588EF-2A1A-4287-A510-49ADE77D18B3}.Debug|Any CPU.ActiveCfg = Debug|Any CPU
		{B3D588EF-2A1A-4287-A510-49ADE77D18B3}.Debug|Any CPU.Build.0 = Debug|Any CPU
		{B3D588EF-2A1A-4287-A510-49ADE77D18B3}.Release|Any CPU.ActiveCfg = Release|Any CPU
		{B3D588EF-2A1A-4287-A510-49ADE77D18B3}.Release|Any CPU.Build.0 = Release|Any CPU
	EndGlobalSection
	GlobalSection(SolutionProperties) = preSolution
		HideSolutionNode = FALSE
	EndGlobalSection
	GlobalSection(ExtensibilityGlobals) = postSolution
		SolutionGuid = {87A30551-DC0D-4DA7-B806-E2CBA0973E85}
	EndGlobalSection
EndGlobal
